
Microsoft Visual Studio Solution File, Format Version 12.00
# Visual Studio Version 17
VisualStudioVersion = 17.5.2.0
MinimumVisualStudioVersion = 10.0.40219.1
Project("{2150E333-8FDC-42A3-9474-1A3956D46DE8}") = "src", "src", "{827E0CD3-B72D-47B6-A68D-7590B98EB39B}"
EndProject
Project("{FAE04EC0-301F-11D3-BF4B-00C04F79EFBC}") = "FreightService", "src\FreightService\FreightService.csproj", "{0C364506-313E-239D-AFA0-1819F6C81420}"
EndProject
Project("{FAE04EC0-301F-11D3-BF4B-00C04F79EFBC}") = "SearchService", "src\SearchService\SearchService.csproj", "{7DA10DE0-D3CC-4662-86C5-7DF9D0A12C43}"
EndProject
Project("{FAE04EC0-301F-11D3-BF4B-00C04F79EFBC}") = "Contracts", "src\Contracts\Contracts.csproj", "{8E6FF083-6C50-4226-9349-261DCA04E65A}"
EndProject
Project("{FAE04EC0-301F-11D3-BF4B-00C04F79EFBC}") = "IdentityService", "src\IdentityService\IdentityService.csproj", "{1F18C0C8-6C9D-4999-A89B-1B99808D3C76}"
EndProject
Project("{FAE04EC0-301F-11D3-BF4B-00C04F79EFBC}") = "GatewayService", "src\GatewayService\GatewayService.csproj", "{A56ADCF1-5D1F-42BD-8422-C2AEA546EDCA}"
EndProject
Global
	GlobalSection(SolutionConfigurationPlatforms) = preSolution
		Debug|Any CPU = Debug|Any CPU
		Debug|x64 = Debug|x64
		Debug|x86 = Debug|x86
		Release|Any CPU = Release|Any CPU
		Release|x64 = Release|x64
		Release|x86 = Release|x86
	EndGlobalSection
	GlobalSection(ProjectConfigurationPlatforms) = postSolution
		{0C364506-313E-239D-AFA0-1819F6C81420}.Debug|Any CPU.ActiveCfg = Debug|Any CPU
		{0C364506-313E-239D-AFA0-1819F6C81420}.Debug|Any CPU.Build.0 = Debug|Any CPU
		{0C364506-313E-239D-AFA0-1819F6C81420}.Debug|x64.ActiveCfg = Debug|Any CPU
		{0C364506-313E-239D-AFA0-1819F6C81420}.Debug|x64.Build.0 = Debug|Any CPU
		{0C364506-313E-239D-AFA0-1819F6C81420}.Debug|x86.ActiveCfg = Debug|Any CPU
		{0C364506-313E-239D-AFA0-1819F6C81420}.Debug|x86.Build.0 = Debug|Any CPU
		{0C364506-313E-239D-AFA0-1819F6C81420}.Release|Any CPU.ActiveCfg = Release|Any CPU
		{0C364506-313E-239D-AFA0-1819F6C81420}.Release|Any CPU.Build.0 = Release|Any CPU
		{0C364506-313E-239D-AFA0-1819F6C81420}.Release|x64.ActiveCfg = Release|Any CPU
		{0C364506-313E-239D-AFA0-1819F6C81420}.Release|x64.Build.0 = Release|Any CPU
		{0C364506-313E-239D-AFA0-1819F6C81420}.Release|x86.ActiveCfg = Release|Any CPU
		{0C364506-313E-239D-AFA0-1819F6C81420}.Release|x86.Build.0 = Release|Any CPU
		{7DA10DE0-D3CC-4662-86C5-7DF9D0A12C43}.Debug|Any CPU.ActiveCfg = Debug|Any CPU
		{7DA10DE0-D3CC-4662-86C5-7DF9D0A12C43}.Debug|Any CPU.Build.0 = Debug|Any CPU
		{7DA10DE0-D3CC-4662-86C5-7DF9D0A12C43}.Debug|x64.ActiveCfg = Debug|Any CPU
		{7DA10DE0-D3CC-4662-86C5-7DF9D0A12C43}.Debug|x64.Build.0 = Debug|Any CPU
		{7DA10DE0-D3CC-4662-86C5-7DF9D0A12C43}.Debug|x86.ActiveCfg = Debug|Any CPU
		{7DA10DE0-D3CC-4662-86C5-7DF9D0A12C43}.Debug|x86.Build.0 = Debug|Any CPU
		{7DA10DE0-D3CC-4662-86C5-7DF9D0A12C43}.Release|Any CPU.ActiveCfg = Release|Any CPU
		{7DA10DE0-D3CC-4662-86C5-7DF9D0A12C43}.Release|Any CPU.Build.0 = Release|Any CPU
		{7DA10DE0-D3CC-4662-86C5-7DF9D0A12C43}.Release|x64.ActiveCfg = Release|Any CPU
		{7DA10DE0-D3CC-4662-86C5-7DF9D0A12C43}.Release|x64.Build.0 = Release|Any CPU
		{7DA10DE0-D3CC-4662-86C5-7DF9D0A12C43}.Release|x86.ActiveCfg = Release|Any CPU
		{7DA10DE0-D3CC-4662-86C5-7DF9D0A12C43}.Release|x86.Build.0 = Release|Any CPU
		{8E6FF083-6C50-4226-9349-261DCA04E65A}.Debug|Any CPU.ActiveCfg = Debug|Any CPU
		{8E6FF083-6C50-4226-9349-261DCA04E65A}.Debug|Any CPU.Build.0 = Debug|Any CPU
		{8E6FF083-6C50-4226-9349-261DCA04E65A}.Debug|x64.ActiveCfg = Debug|Any CPU
		{8E6FF083-6C50-4226-9349-261DCA04E65A}.Debug|x64.Build.0 = Debug|Any CPU
		{8E6FF083-6C50-4226-9349-261DCA04E65A}.Debug|x86.ActiveCfg = Debug|Any CPU
		{8E6FF083-6C50-4226-9349-261DCA04E65A}.Debug|x86.Build.0 = Debug|Any CPU
		{8E6FF083-6C50-4226-9349-261DCA04E65A}.Release|Any CPU.ActiveCfg = Release|Any CPU
		{8E6FF083-6C50-4226-9349-261DCA04E65A}.Release|Any CPU.Build.0 = Release|Any CPU
		{8E6FF083-6C50-4226-9349-261DCA04E65A}.Release|x64.ActiveCfg = Release|Any CPU
		{8E6FF083-6C50-4226-9349-261DCA04E65A}.Release|x64.Build.0 = Release|Any CPU
		{8E6FF083-6C50-4226-9349-261DCA04E65A}.Release|x86.ActiveCfg = Release|Any CPU
		{8E6FF083-6C50-4226-9349-261DCA04E65A}.Release|x86.Build.0 = Release|Any CPU
		{1F18C0C8-6C9D-4999-A89B-1B99808D3C76}.Debug|Any CPU.ActiveCfg = Debug|Any CPU
		{1F18C0C8-6C9D-4999-A89B-1B99808D3C76}.Debug|Any CPU.Build.0 = Debug|Any CPU
		{1F18C0C8-6C9D-4999-A89B-1B99808D3C76}.Debug|x64.ActiveCfg = Debug|Any CPU
		{1F18C0C8-6C9D-4999-A89B-1B99808D3C76}.Debug|x64.Build.0 = Debug|Any CPU
		{1F18C0C8-6C9D-4999-A89B-1B99808D3C76}.Debug|x86.ActiveCfg = Debug|Any CPU
		{1F18C0C8-6C9D-4999-A89B-1B99808D3C76}.Debug|x86.Build.0 = Debug|Any CPU
		{1F18C0C8-6C9D-4999-A89B-1B99808D3C76}.Release|Any CPU.ActiveCfg = Release|Any CPU
		{1F18C0C8-6C9D-4999-A89B-1B99808D3C76}.Release|Any CPU.Build.0 = Release|Any CPU
		{1F18C0C8-6C9D-4999-A89B-1B99808D3C76}.Release|x64.ActiveCfg = Release|Any CPU
		{1F18C0C8-6C9D-4999-A89B-1B99808D3C76}.Release|x64.Build.0 = Release|Any CPU
		{1F18C0C8-6C9D-4999-A89B-1B99808D3C76}.Release|x86.ActiveCfg = Release|Any CPU
		{1F18C0C8-6C9D-4999-A89B-1B99808D3C76}.Release|x86.Build.0 = Release|Any CPU
		{A56ADCF1-5D1F-42BD-8422-C2AEA546EDCA}.Debug|Any CPU.ActiveCfg = Debug|Any CPU
		{A56ADCF1-5D1F-42BD-8422-C2AEA546EDCA}.Debug|Any CPU.Build.0 = Debug|Any CPU
		{A56ADCF1-5D1F-42BD-8422-C2AEA546EDCA}.Debug|x64.ActiveCfg = Debug|Any CPU
		{A56ADCF1-5D1F-42BD-8422-C2AEA546EDCA}.Debug|x64.Build.0 = Debug|Any CPU
		{A56ADCF1-5D1F-42BD-8422-C2AEA546EDCA}.Debug|x86.ActiveCfg = Debug|Any CPU
		{A56ADCF1-5D1F-42BD-8422-C2AEA546EDCA}.Debug|x86.Build.0 = Debug|Any CPU
		{A56ADCF1-5D1F-42BD-8422-C2AEA546EDCA}.Release|Any CPU.ActiveCfg = Release|Any CPU
		{A56ADCF1-5D1F-42BD-8422-C2AEA546EDCA}.Release|Any CPU.Build.0 = Release|Any CPU
		{A56ADCF1-5D1F-42BD-8422-C2AEA546EDCA}.Release|x64.ActiveCfg = Release|Any CPU
		{A56ADCF1-5D1F-42BD-8422-C2AEA546EDCA}.Release|x64.Build.0 = Release|Any CPU
		{A56ADCF1-5D1F-42BD-8422-C2AEA546EDCA}.Release|x86.ActiveCfg = Release|Any CPU
		{A56ADCF1-5D1F-42BD-8422-C2AEA546EDCA}.Release|x86.Build.0 = Release|Any CPU
	EndGlobalSection
	GlobalSection(SolutionProperties) = preSolution
		HideSolutionNode = FALSE
	EndGlobalSection
	GlobalSection(NestedProjects) = preSolution
		{0C364506-313E-239D-AFA0-1819F6C81420} = {827E0CD3-B72D-47B6-A68D-7590B98EB39B}
		{7DA10DE0-D3CC-4662-86C5-7DF9D0A12C43} = {827E0CD3-B72D-47B6-A68D-7590B98EB39B}
		{8E6FF083-6C50-4226-9349-261DCA04E65A} = {827E0CD3-B72D-47B6-A68D-7590B98EB39B}
		{1F18C0C8-6C9D-4999-A89B-1B99808D3C76} = {827E0CD3-B72D-47B6-A68D-7590B98EB39B}
		{A56ADCF1-5D1F-42BD-8422-C2AEA546EDCA} = {827E0CD3-B72D-47B6-A68D-7590B98EB39B}
	EndGlobalSection
	GlobalSection(ExtensibilityGlobals) = postSolution
		SolutionGuid = {E05C3F7B-7D67-433E-AAE9-C6C7C4077456}
	EndGlobalSection
EndGlobal
